<?xml version="1.0" encoding="utf-8"?>
<Project ToolsVersion="4.0" xmlns="http://schemas.microsoft.com/developer/msbuild/2003">
  <ItemGroup>
    <Filter Include="Resource Files">
      <UniqueIdentifier>{67DA6AB6-F800-4c08-8B7A-83BB121AAD01}</UniqueIdentifier>
      <Extensions>rc;ico;cur;bmp;dlg;rc2;rct;bin;rgs;gif;jpg;jpeg;jpe;resx;tiff;tif;png;wav;mfcribbon-ms</Extensions>
    </Filter>
    <Filter Include="System">
      <UniqueIdentifier>{b461412f-81ce-4bd9-99bb-9a4f1d707544}</UniqueIdentifier>
    </Filter>
    <Filter Include="Game">
      <UniqueIdentifier>{bc6c527f-6c51-4616-81af-37fb6ae1ea2a}</UniqueIdentifier>
    </Filter>
  </ItemGroup>
  <ItemGroup>
    <ClCompile Include="Dispatch.cpp">
      <Filter>System</Filter>
    </ClCompile>
    <ClCompile Include="Main.cpp">
      <Filter>System</Filter>
    </ClCompile>
    <ClCompile Include="Random.cpp">
      <Filter>System</Filter>
    </ClCompile>
    <ClCompile Include="Timer.cpp">
      <Filter>System</Filter>
    </ClCompile>
    <ClCompile Include="Bullet.cpp">
      <Filter>Game</Filter>
    </ClCompile>
    <ClCompile Include="Camera.cpp">
      <Filter>Game</Filter>
    </ClCompile>
    <ClCompile Include="CannonBall.cpp">
      <Filter>Game</Filter>
    </ClCompile>
    <ClCompile Include="Font.cpp">
      <Filter>Game</Filter>
    </ClCompile>
    <ClCompile Include="mesh.cpp">
      <Filter>Game</Filter>
    </ClCompile>
    <ClCompile Include="Sound.cpp">
      <Filter>Game</Filter>
    </ClCompile>
    <ClCompile Include="System.cpp">
      <Filter>System</Filter>
    </ClCompile>
    <ClCompile Include="Window.cpp">
      <Filter>System</Filter>
    </ClCompile>
    <ClCompile Include="String.cpp">
      <Filter>System</Filter>
    </ClCompile>
    <ClCompile Include="DriverGL11Lib.cpp">
      <Filter>System</Filter>
    </ClCompile>
    <ClCompile Include="DriverGL11.cpp">
      <Filter>System</Filter>
    </ClCompile>
    <ClCompile Include="Driver.cpp">
      <Filter>System</Filter>
    </ClCompile>
    <ClCompile Include="Game.cpp">
      <Filter>Game</Filter>
    </ClCompile>
    <ClCompile Include="Path.cpp">
      <Filter>System</Filter>
    </ClCompile>
    <ClCompile Include="Resources.cpp">
      <Filter>System</Filter>
    </ClCompile>
    <ClCompile Include="File.cpp">
      <Filter>System</Filter>
    </ClCompile>
    <ClCompile Include="FileStream.cpp">
      <Filter>System</Filter>
    </ClCompile>
    <ClCompile Include="TargaImage.cpp">
      <Filter>System</Filter>
    </ClCompile>
    <ClCompile Include="Image.cpp">
      <Filter>System</Filter>
    </ClCompile>
  </ItemGroup>
  <ItemGroup>
    <ClInclude Include="DataTypes.h">
      <Filter>System</Filter>
    </ClInclude>
    <ClInclude Include="GlobalEnum.h">
      <Filter>System</Filter>
    </ClInclude>
    <ClInclude Include="SaveDIBitmap.h">
      <Filter>System</Filter>
    </ClInclude>
    <ClInclude Include="Bullet.h">
      <Filter>Game</Filter>
    </ClInclude>
    <ClInclude Include="Camera.h">
      <Filter>Game</Filter>
    </ClInclude>
    <ClInclude Include="CannonBall.h">
      <Filter>Game</Filter>
    </ClInclude>
    <ClInclude Include="Font.h">
      <Filter>Game</Filter>
    </ClInclude>
    <ClInclude Include="mesh.h">
      <Filter>Game</Filter>
    </ClInclude>
    <ClInclude Include="Sound.h">
      <Filter>Game</Filter>
    </ClInclude>
    <ClInclude Include="Particles.h">
      <Filter>Game</Filter>
    </ClInclude>
    <ClInclude Include="System.h">
      <Filter>System</Filter>
    </ClInclude>
    <ClInclude Include="Window.h">
      <Filter>System</Filter>
    </ClInclude>
    <ClInclude Include="String.h">
      <Filter>System</Filter>
    </ClInclude>
    <ClInclude Include="DriverGL11.h">
      <Filter>System</Filter>
    </ClInclude>
    <ClInclude Include="Driver.h">
      <Filter>System</Filter>
    </ClInclude>
    <ClInclude Include="Game.h">
      <Filter>Game</Filter>
    </ClInclude>
    <ClInclude Include="Path.h">
      <Filter>System</Filter>
    </ClInclude>
    <ClInclude Include="Resources.h">
      <Filter>System</Filter>
    </ClInclude>
    <ClInclude Include="File.h">
      <Filter>System</Filter>
    </ClInclude>
    <ClInclude Include="FileStream.h">
      <Filter>System</Filter>
    </ClInclude>
    <ClInclude Include="Stream.h">
      <Filter>System</Filter>
    </ClInclude>
    <ClInclude Include="Interop.h">
      <Filter>System</Filter>
    </ClInclude>
    <ClInclude Include="TargaImage.h">
      <Filter>System</Filter>
    </ClInclude>
    <ClInclude Include="Image.h">
      <Filter>System</Filter>
    </ClInclude>
    <ClInclude Include="ResourceType.h">
      <Filter>System</Filter>
    </ClInclude>
  </ItemGroup>
</Project>